# THIS IS AN AUTOGENERATED FILE. DO NOT EDIT THIS FILE DIRECTLY.
# yarn lockfile v1


"@prisma/debug@6.0.0":
  version "6.0.0"
  resolved "https://registry.yarnpkg.com/@prisma/debug/-/debug-6.0.0.tgz#4f0ce75ae464de0bb2cd3fe5775527943c502d4e"
  integrity sha512-eUjoNThlDXdyJ1iQ2d7U6aTVwm59EwvODb5zFVNJEokNoSiQmiYWNzZIwZyDmZ+j51j42/0iTaHIJ4/aZPKFRg==

"@prisma/engines-version@5.23.0-27.5dbef10bdbfb579e07d35cc85fb1518d357cb99e":
  version "5.23.0-27.5dbef10bdbfb579e07d35cc85fb1518d357cb99e"
  resolved "https://registry.yarnpkg.com/@prisma/engines-version/-/engines-version-5.23.0-27.5dbef10bdbfb579e07d35cc85fb1518d357cb99e.tgz#2db5a05d014aac504e8574da6b96ac3d9a617526"
  integrity sha512-JmIds0Q2/vsOmnuTJYxY4LE+sajqjYKhLtdOT6y4imojqv5d/aeVEfbBGC74t8Be1uSp0OP8lxIj2OqoKbLsfQ==

"@prisma/engines@6.0.0":
  version "6.0.0"
  resolved "https://registry.yarnpkg.com/@prisma/engines/-/engines-6.0.0.tgz#71118ddaeb44a44106008afdb64fe1f0ed900115"
  integrity sha512-ZZCVP3q22ifN6Ex6C8RIcTDBlRtMJS2H1ljV0knCiWNGArvvkEbE88W3uDdq/l4+UvyvHpGzdf9ZsCWSQR7ZQQ==
  dependencies:
    "@prisma/debug" "6.0.0"
    "@prisma/engines-version" "5.23.0-27.5dbef10bdbfb579e07d35cc85fb1518d357cb99e"
    "@prisma/fetch-engine" "6.0.0"
    "@prisma/get-platform" "6.0.0"

"@prisma/fetch-engine@6.0.0":
  version "6.0.0"
  resolved "https://registry.yarnpkg.com/@prisma/fetch-engine/-/fetch-engine-6.0.0.tgz#ef45ad612bc80a85a16af30fda1c43dff026e44c"
  integrity sha512-j2m+iO5RDPRI7SUc7sHo8wX7SA4iTkJ+18Sxch8KinQM46YiCQD1iXKN6qU79C1Fliw5Bw/qDyTHaTsa3JMerA==
  dependencies:
    "@prisma/debug" "6.0.0"
    "@prisma/engines-version" "5.23.0-27.5dbef10bdbfb579e07d35cc85fb1518d357cb99e"
    "@prisma/get-platform" "6.0.0"

"@prisma/get-platform@6.0.0":
  version "6.0.0"
  resolved "https://registry.yarnpkg.com/@prisma/get-platform/-/get-platform-6.0.0.tgz#5925b9ce2699bb474528fba9333aea3c32920ffa"
  integrity sha512-PS6nYyIm9g8C03E4y7LknOfdCw/t2KyEJxntMPQHQZCOUgOpF82Ma60mdlOD08w90I3fjLiZZ0+MadenR3naDQ==
  dependencies:
    "@prisma/debug" "6.0.0"

fsevents@2.3.3:
  version "2.3.3"
  resolved "https://registry.yarnpkg.com/fsevents/-/fsevents-2.3.3.tgz#cac6407785d03675a2a5e1a5305c697b347d90d6"
  integrity sha512-5xoDfX+fL7faATnagmWPpbFtwh/R77WmMMqqHGS65C3vvB0YHrgF+B1YmZ3441tMj5n63k0212XNoJwzlhffQw==

prisma@^6.0.0:
  version "6.0.0"
  resolved "https://registry.yarnpkg.com/prisma/-/prisma-6.0.0.tgz#6e230be8908387047c7213a142e822996c919c2f"
  integrity sha512-RX7KtbW7IoEByf7MR32JK1PkVYLVYFqeODTtiIX3cqekq1aKdsF3Eud4zp2sUShMLjvdb5Jow0LbUjRq5LVxPw==
  dependencies:
    "@prisma/engines" "6.0.0"
  optionalDependencies:
    fsevents "2.3.3"
